
Microsoft Visual Studio Solution File, Format Version 12.00
# Visual Studio Version 16
VisualStudioVersion = 16.0.30320.27
MinimumVisualStudioVersion = 10.0.40219.1
Project("{8BC9CEB8-8B4A-11D0-8D11-00A0C91BC942}") = "bee", "project\msvc\bee.vcxproj", "{355C2493-0A78-490B-971A-BBDB0E2819EF}"
EndProject
Project("{8BC9CEB8-8B4A-11D0-8D11-00A0C91BC942}") = "lua", "project\msvc\lua.vcxproj", "{76338556-5419-494A-A4C6-D79090629054}"
EndProject
Project("{8BC9CEB8-8B4A-11D0-8D11-00A0C91BC942}") = "lua54", "project\msvc\lua54.vcxproj", "{316B33ED-1056-48B0-ABF0-CE3CE55F7A17}"
EndProject
Project("{2150E333-8FDC-42A3-9474-1A3956D46DE8}") = "3rd", "3rd", "{5D187F0E-FB26-4C09-9900-8C2E201FFBFD}"
EndProject
Project("{8BC9CEB8-8B4A-11D0-8D11-00A0C91BC942}") = "bootstrap", "project\msvc\bootstrap.vcxproj", "{8136AFBD-2925-40D5-81BA-7D0FAC098F56}"
EndProject
Global
	GlobalSection(SolutionConfigurationPlatforms) = preSolution
		Debug|x64 = Debug|x64
		Debug|x86 = Debug|x86
		Release|x64 = Release|x64
		Release|x86 = Release|x86
	EndGlobalSection
	GlobalSection(ProjectConfigurationPlatforms) = postSolution
		{355C2493-0A78-490B-971A-BBDB0E2819EF}.Debug|x64.ActiveCfg = Debug|x64
		{355C2493-0A78-490B-971A-BBDB0E2819EF}.Debug|x64.Build.0 = Debug|x64
		{355C2493-0A78-490B-971A-BBDB0E2819EF}.Debug|x86.ActiveCfg = Debug|Win32
		{355C2493-0A78-490B-971A-BBDB0E2819EF}.Debug|x86.Build.0 = Debug|Win32
		{355C2493-0A78-490B-971A-BBDB0E2819EF}.Release|x64.ActiveCfg = Release|x64
		{355C2493-0A78-490B-971A-BBDB0E2819EF}.Release|x64.Build.0 = Release|x64
		{355C2493-0A78-490B-971A-BBDB0E2819EF}.Release|x86.ActiveCfg = Release|Win32
		{355C2493-0A78-490B-971A-BBDB0E2819EF}.Release|x86.Build.0 = Release|Win32
		{76338556-5419-494A-A4C6-D79090629054}.Debug|x64.ActiveCfg = Debug|x64
		{76338556-5419-494A-A4C6-D79090629054}.Debug|x64.Build.0 = Debug|x64
		{76338556-5419-494A-A4C6-D79090629054}.Debug|x86.ActiveCfg = Debug|Win32
		{76338556-5419-494A-A4C6-D79090629054}.Debug|x86.Build.0 = Debug|Win32
		{76338556-5419-494A-A4C6-D79090629054}.Release|x64.ActiveCfg = Release|x64
		{76338556-5419-494A-A4C6-D79090629054}.Release|x64.Build.0 = Release|x64
		{76338556-5419-494A-A4C6-D79090629054}.Release|x86.ActiveCfg = Release|Win32
		{76338556-5419-494A-A4C6-D79090629054}.Release|x86.Build.0 = Release|Win32
		{316B33ED-1056-48B0-ABF0-CE3CE55F7A17}.Debug|x64.ActiveCfg = Debug|x64
		{316B33ED-1056-48B0-ABF0-CE3CE55F7A17}.Debug|x64.Build.0 = Debug|x64
		{316B33ED-1056-48B0-ABF0-CE3CE55F7A17}.Debug|x86.ActiveCfg = Debug|Win32
		{316B33ED-1056-48B0-ABF0-CE3CE55F7A17}.Debug|x86.Build.0 = Debug|Win32
		{316B33ED-1056-48B0-ABF0-CE3CE55F7A17}.Release|x64.ActiveCfg = Release|x64
		{316B33ED-1056-48B0-ABF0-CE3CE55F7A17}.Release|x64.Build.0 = Release|x64
		{316B33ED-1056-48B0-ABF0-CE3CE55F7A17}.Release|x86.ActiveCfg = Release|Win32
		{316B33ED-1056-48B0-ABF0-CE3CE55F7A17}.Release|x86.Build.0 = Release|Win32
		{8136AFBD-2925-40D5-81BA-7D0FAC098F56}.Debug|x64.ActiveCfg = Debug|x64
		{8136AFBD-2925-40D5-81BA-7D0FAC098F56}.Debug|x64.Build.0 = Debug|x64
		{8136AFBD-2925-40D5-81BA-7D0FAC098F56}.Debug|x86.ActiveCfg = Debug|Win32
		{8136AFBD-2925-40D5-81BA-7D0FAC098F56}.Debug|x86.Build.0 = Debug|Win32
		{8136AFBD-2925-40D5-81BA-7D0FAC098F56}.Release|x64.ActiveCfg = Release|x64
		{8136AFBD-2925-40D5-81BA-7D0FAC098F56}.Release|x64.Build.0 = Release|x64
		{8136AFBD-2925-40D5-81BA-7D0FAC098F56}.Release|x86.ActiveCfg = Release|Win32
		{8136AFBD-2925-40D5-81BA-7D0FAC098F56}.Release|x86.Build.0 = Release|Win32
	EndGlobalSection
	GlobalSection(SolutionProperties) = preSolution
		HideSolutionNode = FALSE
	EndGlobalSection
	GlobalSection(NestedProjects) = preSolution
		{76338556-5419-494A-A4C6-D79090629054} = {5D187F0E-FB26-4C09-9900-8C2E201FFBFD}
		{316B33ED-1056-48B0-ABF0-CE3CE55F7A17} = {5D187F0E-FB26-4C09-9900-8C2E201FFBFD}
	EndGlobalSection
	GlobalSection(ExtensibilityGlobals) = postSolution
		SolutionGuid = {FDF84336-ADCD-407E-B033-6DAA300FFC75}
	EndGlobalSection
EndGlobal
