<?xml version="1.0" encoding="utf-8"?>
<Project ToolsVersion="4.0" xmlns="http://schemas.microsoft.com/developer/msbuild/2003">
  <ItemGroup>
    <Filter Include="bee">
      <UniqueIdentifier>{a7686827-47d6-434c-b27b-d7a859fbe2cf}</UniqueIdentifier>
    </Filter>
    <Filter Include="bee\subprocess">
      <UniqueIdentifier>{38141c45-3650-4043-9f3d-6dfc36491155}</UniqueIdentifier>
    </Filter>
    <Filter Include="binding">
      <UniqueIdentifier>{555b7d54-da03-4fd0-bb06-95b71ff1d82b}</UniqueIdentifier>
    </Filter>
    <Filter Include="bee\utility">
      <UniqueIdentifier>{e96a350e-8bb0-4c5c-9985-c36c965b1fbb}</UniqueIdentifier>
    </Filter>
    <Filter Include="bee\lua">
      <UniqueIdentifier>{67c6b0db-6490-41d3-a39a-cf043ef94c09}</UniqueIdentifier>
    </Filter>
    <Filter Include="3rd">
      <UniqueIdentifier>{39cd527b-5a71-43d9-9235-117b5f084a99}</UniqueIdentifier>
    </Filter>
    <Filter Include="bee\nonstd">
      <UniqueIdentifier>{e9705383-2f16-4d0a-9f01-29b20b49b479}</UniqueIdentifier>
    </Filter>
    <Filter Include="bee\net">
      <UniqueIdentifier>{e5d8b5da-6e81-4274-b147-aed5e7dbd8e3}</UniqueIdentifier>
    </Filter>
    <Filter Include="bee\fsevent">
      <UniqueIdentifier>{2fa452a8-1244-4642-834f-6e3c285da1d4}</UniqueIdentifier>
    </Filter>
    <Filter Include="bee\platform">
      <UniqueIdentifier>{07e03cc1-f454-47c4-aade-02337f5229f2}</UniqueIdentifier>
    </Filter>
    <Filter Include="bee\nonstd\fmt">
      <UniqueIdentifier>{8da9d151-4b33-4edd-a682-65e03e961a4d}</UniqueIdentifier>
    </Filter>
  </ItemGroup>
  <ItemGroup>
    <ClCompile Include="..\..\bee\subprocess\subprocess_posix.cpp">
      <Filter>bee\subprocess</Filter>
    </ClCompile>
    <ClCompile Include="..\..\bee\subprocess\subprocess_win.cpp">
      <Filter>bee\subprocess</Filter>
    </ClCompile>
    <ClCompile Include="..\..\bee\utility\path_helper.cpp">
      <Filter>bee\utility</Filter>
    </ClCompile>
    <ClCompile Include="..\..\3rd\lua-seri\lua-seri.c">
      <Filter>3rd</Filter>
    </ClCompile>
    <ClCompile Include="..\..\bee\net\endpoint.cpp">
      <Filter>bee\net</Filter>
    </ClCompile>
    <ClCompile Include="..\..\bee\net\socket.cpp">
      <Filter>bee\net</Filter>
    </ClCompile>
    <ClCompile Include="..\..\bee\fsevent\fsevent_win.cpp">
      <Filter>bee\fsevent</Filter>
    </ClCompile>
    <ClCompile Include="..\..\bee\fsevent\fsevent_osx.cpp">
      <Filter>bee\fsevent</Filter>
    </ClCompile>
    <ClCompile Include="..\..\bee\error.cpp">
      <Filter>bee</Filter>
    </ClCompile>
    <ClCompile Include="..\..\binding\lua_socket.cpp">
      <Filter>binding</Filter>
    </ClCompile>
    <ClCompile Include="..\..\binding\lua_subprocess.cpp">
      <Filter>binding</Filter>
    </ClCompile>
    <ClCompile Include="..\..\binding\lua_thread.cpp">
      <Filter>binding</Filter>
    </ClCompile>
    <ClCompile Include="..\..\binding\lua_unicode.cpp">
      <Filter>binding</Filter>
    </ClCompile>
    <ClCompile Include="..\..\binding\lua_registry.cpp">
      <Filter>binding</Filter>
    </ClCompile>
    <ClCompile Include="..\..\binding\lua_filewatch.cpp">
      <Filter>binding</Filter>
    </ClCompile>
    <ClCompile Include="..\..\binding\lua_filesystem.cpp">
      <Filter>binding</Filter>
    </ClCompile>
    <ClCompile Include="..\..\binding\lua_embed.cpp">
      <Filter>binding</Filter>
    </ClCompile>
    <ClCompile Include="..\..\binding\lua_serialization.cpp">
      <Filter>binding</Filter>
    </ClCompile>
    <ClCompile Include="..\..\binding\lua_platform.cpp">
      <Filter>binding</Filter>
    </ClCompile>
    <ClCompile Include="..\..\bee\subprocess\sharedmemory_win.cpp">
      <Filter>bee\subprocess</Filter>
    </ClCompile>
    <ClCompile Include="..\..\bee\utility\file_helper.cpp">
      <Filter>bee\utility</Filter>
    </ClCompile>
    <ClCompile Include="..\..\bee\platform\version_win.cpp">
      <Filter>bee\platform</Filter>
    </ClCompile>
    <ClCompile Include="..\..\bee\utility\module_version_win.cpp">
      <Filter>bee\utility</Filter>
    </ClCompile>
    <ClCompile Include="..\..\bee\utility\unicode_win.cpp">
      <Filter>bee\utility</Filter>
    </ClCompile>
    <ClCompile Include="..\..\binding\lua_wmi.cpp">
      <Filter>binding</Filter>
    </ClCompile>
    <ClCompile Include="..\..\bee\nonstd\fmt\format.cc">
      <Filter>bee\nonstd\fmt</Filter>
    </ClCompile>
    <ClCompile Include="..\..\bee\nonstd\fmt\os.cc">
      <Filter>bee\nonstd\fmt</Filter>
    </ClCompile>
  </ItemGroup>
  <ItemGroup>
    <ClInclude Include="..\..\bee\subprocess\subprocess_posix.h">
      <Filter>bee\subprocess</Filter>
    </ClInclude>
    <ClInclude Include="..\..\bee\subprocess\subprocess_win.h">
      <Filter>bee\subprocess</Filter>
    </ClInclude>
    <ClInclude Include="..\..\bee\config.h">
      <Filter>bee</Filter>
    </ClInclude>
    <ClInclude Include="..\..\bee\subprocess.h">
      <Filter>bee</Filter>
    </ClInclude>
    <ClInclude Include="..\..\bee\utility\path_helper.h">
      <Filter>bee\utility</Filter>
    </ClInclude>
    <ClInclude Include="..\..\bee\lua\binding.h">
      <Filter>bee\lua</Filter>
    </ClInclude>
    <ClInclude Include="..\..\3rd\lua-seri\lua-seri.h">
      <Filter>3rd</Filter>
    </ClInclude>
    <ClInclude Include="..\..\bee\utility\semaphore.h">
      <Filter>bee\utility</Filter>
    </ClInclude>
    <ClInclude Include="..\..\bee\nonstd\span.h">
      <Filter>bee\nonstd</Filter>
    </ClInclude>
    <ClInclude Include="..\..\bee\utility\lockqueue.h">
      <Filter>bee\utility</Filter>
    </ClInclude>
    <ClInclude Include="..\..\bee\net\endpoint.h">
      <Filter>bee\net</Filter>
    </ClInclude>
    <ClInclude Include="..\..\bee\net\socket.h">
      <Filter>bee\net</Filter>
    </ClInclude>
    <ClInclude Include="..\..\bee\fsevent.h">
      <Filter>bee</Filter>
    </ClInclude>
    <ClInclude Include="..\..\bee\fsevent\fsevent_win.h">
      <Filter>bee\fsevent</Filter>
    </ClInclude>
    <ClInclude Include="..\..\bee\fsevent\fsevent_osx.h">
      <Filter>bee\fsevent</Filter>
    </ClInclude>
    <ClInclude Include="..\..\bee\error.h">
      <Filter>bee</Filter>
    </ClInclude>
    <ClInclude Include="..\..\bee\platform\version.h">
      <Filter>bee\platform</Filter>
    </ClInclude>
    <ClInclude Include="..\..\bee\platform.h">
      <Filter>bee</Filter>
    </ClInclude>
    <ClInclude Include="..\..\bee\subprocess\sharedmemory_win.h">
      <Filter>bee\subprocess</Filter>
    </ClInclude>
    <ClInclude Include="..\..\bee\subprocess\args_helper.h">
      <Filter>bee\subprocess</Filter>
    </ClInclude>
    <ClInclude Include="..\..\bee\utility\file_helper.h">
      <Filter>bee\utility</Filter>
    </ClInclude>
    <ClInclude Include="..\..\bee\utility\module_version_win.h">
      <Filter>bee\utility</Filter>
    </ClInclude>
    <ClInclude Include="..\..\bee\utility\unicode_win.h">
      <Filter>bee\utility</Filter>
    </ClInclude>
    <ClInclude Include="..\..\bee\nonstd\filesystem.h">
      <Filter>bee\nonstd</Filter>
    </ClInclude>
    <ClInclude Include="..\..\bee\filesystem.h">
      <Filter>bee</Filter>
    </ClInclude>
    <ClInclude Include="..\..\bee\registry.h">
      <Filter>bee</Filter>
    </ClInclude>
    <ClInclude Include="..\..\bee\span.h">
      <Filter>bee</Filter>
    </ClInclude>
    <ClInclude Include="..\..\bee\utility\dynarray.h">
      <Filter>bee\utility</Filter>
    </ClInclude>
    <ClInclude Include="..\..\bee\lua\file.h">
      <Filter>bee\lua</Filter>
    </ClInclude>
    <ClInclude Include="..\..\bee\nonstd\fmt\args.h">
      <Filter>bee\nonstd\fmt</Filter>
    </ClInclude>
    <ClInclude Include="..\..\bee\nonstd\fmt\chrono.h">
      <Filter>bee\nonstd\fmt</Filter>
    </ClInclude>
    <ClInclude Include="..\..\bee\nonstd\fmt\color.h">
      <Filter>bee\nonstd\fmt</Filter>
    </ClInclude>
    <ClInclude Include="..\..\bee\nonstd\fmt\compile.h">
      <Filter>bee\nonstd\fmt</Filter>
    </ClInclude>
    <ClInclude Include="..\..\bee\nonstd\fmt\core.h">
      <Filter>bee\nonstd\fmt</Filter>
    </ClInclude>
    <ClInclude Include="..\..\bee\nonstd\fmt\format.h">
      <Filter>bee\nonstd\fmt</Filter>
    </ClInclude>
    <ClInclude Include="..\..\bee\nonstd\fmt\format-inl.h">
      <Filter>bee\nonstd\fmt</Filter>
    </ClInclude>
    <ClInclude Include="..\..\bee\nonstd\fmt\locale.h">
      <Filter>bee\nonstd\fmt</Filter>
    </ClInclude>
    <ClInclude Include="..\..\bee\nonstd\fmt\os.h">
      <Filter>bee\nonstd\fmt</Filter>
    </ClInclude>
    <ClInclude Include="..\..\bee\nonstd\fmt\ostream.h">
      <Filter>bee\nonstd\fmt</Filter>
    </ClInclude>
    <ClInclude Include="..\..\bee\nonstd\fmt\posix.h">
      <Filter>bee\nonstd\fmt</Filter>
    </ClInclude>
    <ClInclude Include="..\..\bee\nonstd\fmt\printf.h">
      <Filter>bee\nonstd\fmt</Filter>
    </ClInclude>
    <ClInclude Include="..\..\bee\nonstd\fmt\ranges.h">
      <Filter>bee\nonstd\fmt</Filter>
    </ClInclude>
  </ItemGroup>
</Project>