<?xml version="1.0" encoding="utf-8"?>
<Project ToolsVersion="4.0" xmlns="http://schemas.microsoft.com/developer/msbuild/2003">
  <ItemGroup>
    <ClCompile Include="..\..\3rd\lua\utf8_lua.c" />
    <ClCompile Include="..\..\3rd\lua\utf8_unicode.c" />
  </ItemGroup>
  <ItemGroup>
    <ClInclude Include="..\..\3rd\lua\utf8_unicode.h" />
  </ItemGroup>
</Project>